
Microsoft Visual Studio Solution File, Format Version 12.00
# Visual Studio Version 16
VisualStudioVersion = 16.0.29609.76
MinimumVisualStudioVersion = 10.0.40219.1
Project("{2150E333-8FDC-42A3-9474-1A3956D46DE8}") = "Backend", "Backend", "{99B67E63-65A4-4AC2-834F-071C1A4EF381}"
EndProject
Project("{2150E333-8FDC-42A3-9474-1A3956D46DE8}") = "Frontend", "Frontend", "{8527EE8E-31A6-43D7-8886-9CDEF34E366A}"
EndProject
Project("{9A19103F-16F7-4668-BE54-9A1E7A4F7556}") = "AirplaneServices.WebAPI", "AirplaneServices.WebAPI\AirplaneServices.WebAPI.csproj", "{7D6767C1-6CFF-47FB-A5B3-CE01F17B37D5}"
EndProject
Project("{2150E333-8FDC-42A3-9474-1A3956D46DE8}") = "src", "src", "{179949E7-52D4-48D1-A98E-0A52B5B731AF}"
	ProjectSection(SolutionItems) = preProject
		README.md = README.md
	EndProjectSection
EndProject
Project("{9A19103F-16F7-4668-BE54-9A1E7A4F7556}") = "AirplaneServices.WebAPI.Tests.Unit", "AirplaneServices.WebAPI.Tests.Unit\AirplaneServices.WebAPI.Tests.Unit.csproj", "{B830819A-73FB-4026-9368-0008BB716C9E}"
EndProject
Project("{9A19103F-16F7-4668-BE54-9A1E7A4F7556}") = "AirplaneServices.Application", "..\J0s3Barbosa\AirPlaneComponents\AirplaneServices.Application\AirplaneServices.Application.csproj", "{8AB127FE-B5F1-425C-B4EA-B3296DDEABB9}"
EndProject
Project("{9A19103F-16F7-4668-BE54-9A1E7A4F7556}") = "AirplaneServices.Domain", "..\J0s3Barbosa\AirPlaneComponents\AirplaneServices.Domain\AirplaneServices.Domain.csproj", "{4E39F91B-CEA1-4DDC-9581-02C5B4B426F4}"
EndProject
Project("{9A19103F-16F7-4668-BE54-9A1E7A4F7556}") = "AirplaneServices.Infra", "..\J0s3Barbosa\AirPlaneComponents\AirplaneServices.Infra\AirplaneServices.Infra.csproj", "{7C8C1F00-3CE4-4FBE-87ED-FECDEEC3B631}"
EndProject
Global
	GlobalSection(SolutionConfigurationPlatforms) = preSolution
		Debug|Any CPU = Debug|Any CPU
		Release|Any CPU = Release|Any CPU
	EndGlobalSection
	GlobalSection(ProjectConfigurationPlatforms) = postSolution
		{7D6767C1-6CFF-47FB-A5B3-CE01F17B37D5}.Debug|Any CPU.ActiveCfg = Debug|Any CPU
		{7D6767C1-6CFF-47FB-A5B3-CE01F17B37D5}.Debug|Any CPU.Build.0 = Debug|Any CPU
		{7D6767C1-6CFF-47FB-A5B3-CE01F17B37D5}.Release|Any CPU.ActiveCfg = Release|Any CPU
		{7D6767C1-6CFF-47FB-A5B3-CE01F17B37D5}.Release|Any CPU.Build.0 = Release|Any CPU
		{B830819A-73FB-4026-9368-0008BB716C9E}.Debug|Any CPU.ActiveCfg = Debug|Any CPU
		{B830819A-73FB-4026-9368-0008BB716C9E}.Debug|Any CPU.Build.0 = Debug|Any CPU
		{B830819A-73FB-4026-9368-0008BB716C9E}.Release|Any CPU.ActiveCfg = Release|Any CPU
		{B830819A-73FB-4026-9368-0008BB716C9E}.Release|Any CPU.Build.0 = Release|Any CPU
		{8AB127FE-B5F1-425C-B4EA-B3296DDEABB9}.Debug|Any CPU.ActiveCfg = Debug|Any CPU
		{8AB127FE-B5F1-425C-B4EA-B3296DDEABB9}.Debug|Any CPU.Build.0 = Debug|Any CPU
		{8AB127FE-B5F1-425C-B4EA-B3296DDEABB9}.Release|Any CPU.ActiveCfg = Release|Any CPU
		{8AB127FE-B5F1-425C-B4EA-B3296DDEABB9}.Release|Any CPU.Build.0 = Release|Any CPU
		{4E39F91B-CEA1-4DDC-9581-02C5B4B426F4}.Debug|Any CPU.ActiveCfg = Debug|Any CPU
		{4E39F91B-CEA1-4DDC-9581-02C5B4B426F4}.Debug|Any CPU.Build.0 = Debug|Any CPU
		{4E39F91B-CEA1-4DDC-9581-02C5B4B426F4}.Release|Any CPU.ActiveCfg = Release|Any CPU
		{4E39F91B-CEA1-4DDC-9581-02C5B4B426F4}.Release|Any CPU.Build.0 = Release|Any CPU
		{7C8C1F00-3CE4-4FBE-87ED-FECDEEC3B631}.Debug|Any CPU.ActiveCfg = Debug|Any CPU
		{7C8C1F00-3CE4-4FBE-87ED-FECDEEC3B631}.Debug|Any CPU.Build.0 = Debug|Any CPU
		{7C8C1F00-3CE4-4FBE-87ED-FECDEEC3B631}.Release|Any CPU.ActiveCfg = Release|Any CPU
		{7C8C1F00-3CE4-4FBE-87ED-FECDEEC3B631}.Release|Any CPU.Build.0 = Release|Any CPU
	EndGlobalSection
	GlobalSection(SolutionProperties) = preSolution
		HideSolutionNode = FALSE
	EndGlobalSection
	GlobalSection(NestedProjects) = preSolution
		{99B67E63-65A4-4AC2-834F-071C1A4EF381} = {179949E7-52D4-48D1-A98E-0A52B5B731AF}
		{8527EE8E-31A6-43D7-8886-9CDEF34E366A} = {179949E7-52D4-48D1-A98E-0A52B5B731AF}
		{7D6767C1-6CFF-47FB-A5B3-CE01F17B37D5} = {99B67E63-65A4-4AC2-834F-071C1A4EF381}
		{B830819A-73FB-4026-9368-0008BB716C9E} = {99B67E63-65A4-4AC2-834F-071C1A4EF381}
		{8AB127FE-B5F1-425C-B4EA-B3296DDEABB9} = {99B67E63-65A4-4AC2-834F-071C1A4EF381}
		{4E39F91B-CEA1-4DDC-9581-02C5B4B426F4} = {99B67E63-65A4-4AC2-834F-071C1A4EF381}
		{7C8C1F00-3CE4-4FBE-87ED-FECDEEC3B631} = {99B67E63-65A4-4AC2-834F-071C1A4EF381}
	EndGlobalSection
	GlobalSection(ExtensibilityGlobals) = postSolution
		SolutionGuid = {7892239F-77E0-4D49-9832-920A72B1354B}
	EndGlobalSection
EndGlobal
